
Microsoft Visual Studio Solution File, Format Version 12.00
# Visual Studio 14
VisualStudioVersion = 14.0.23107.0
MinimumVisualStudioVersion = 10.0.40219.1
Project("{FAE04EC0-301F-11D3-BF4B-00C04F79EFBC}") = "CBA_Test", "CBA_Test\CBA_Test.csproj", "{DB163065-F34C-4039-99A1-6B74F07C43C2}"
EndProject
Global
	GlobalSection(SolutionConfigurationPlatforms) = preSolution
		Debug|Any CPU = Debug|Any CPU
		Release|Any CPU = Release|Any CPU
	EndGlobalSection
	GlobalSection(ProjectConfigurationPlatforms) = postSolution
		{DB163065-F34C-4039-99A1-6B74F07C43C2}.Debug|Any CPU.ActiveCfg = Debug|Any CPU
		{DB163065-F34C-4039-99A1-6B74F07C43C2}.Debug|Any CPU.Build.0 = Debug|Any CPU
		{DB163065-F34C-4039-99A1-6B74F07C43C2}.Release|Any CPU.ActiveCfg = Release|Any CPU
		{DB163065-F34C-4039-99A1-6B74F07C43C2}.Release|Any CPU.Build.0 = Release|Any CPU
	EndGlobalSection
	GlobalSection(SolutionProperties) = preSolution
		HideSolutionNode = FALSE
	EndGlobalSection
EndGlobal
